
Microsoft Visual Studio Solution File, Format Version 12.00
# Visual Studio Version 17
VisualStudioVersion = 17.10.35122.118
MinimumVisualStudioVersion = 10.0.40219.1
Project("{FAE04EC0-301F-11D3-BF4B-00C04F79EFBC}") = "script_web", "script_web.csproj", "{03F5EDD8-EF0D-4388-9ED9-6308BE48E3CE}"
EndProject
Project("{8BC9CEB8-8B4A-11D0-8D11-00A0C91BC942}") = "progr", "..\progr\progr.vcxproj", "{3313C014-53F7-4FF5-B172-AF86B5BE6446}"
EndProject
Project("{2150E333-8FDC-42A3-9474-1A3956D46DE8}") = "Элементы решения", "Элементы решения", "{D85476E5-65DC-4D10-9252-AE5B3C66A019}"
	ProjectSection(SolutionItems) = preProject
		..\..\..\OneDrive\Рабочий стол\WCpr\cpp_web_url.txt = ..\..\..\OneDrive\Рабочий стол\WCpr\cpp_web_url.txt
		..\..\..\OneDrive\Рабочий стол\WCpr\webres.txt = ..\..\..\OneDrive\Рабочий стол\WCpr\webres.txt
	EndProjectSection
EndProject
Global
	GlobalSection(SolutionConfigurationPlatforms) = preSolution
		Debug|Any CPU = Debug|Any CPU
		Debug|x64 = Debug|x64
		Debug|x86 = Debug|x86
		Direct|Any CPU = Direct|Any CPU
		Direct|x64 = Direct|x64
		Direct|x86 = Direct|x86
		Release|Any CPU = Release|Any CPU
		Release|x64 = Release|x64
		Release|x86 = Release|x86
	EndGlobalSection
	GlobalSection(ProjectConfigurationPlatforms) = postSolution
		{03F5EDD8-EF0D-4388-9ED9-6308BE48E3CE}.Debug|Any CPU.ActiveCfg = Debug|x64
		{03F5EDD8-EF0D-4388-9ED9-6308BE48E3CE}.Debug|Any CPU.Build.0 = Debug|x64
		{03F5EDD8-EF0D-4388-9ED9-6308BE48E3CE}.Debug|x64.ActiveCfg = Debug|x64
		{03F5EDD8-EF0D-4388-9ED9-6308BE48E3CE}.Debug|x64.Build.0 = Debug|x64
		{03F5EDD8-EF0D-4388-9ED9-6308BE48E3CE}.Debug|x86.ActiveCfg = Debug|Any CPU
		{03F5EDD8-EF0D-4388-9ED9-6308BE48E3CE}.Debug|x86.Build.0 = Debug|Any CPU
		{03F5EDD8-EF0D-4388-9ED9-6308BE48E3CE}.Direct|Any CPU.ActiveCfg = Direct|Any CPU
		{03F5EDD8-EF0D-4388-9ED9-6308BE48E3CE}.Direct|Any CPU.Build.0 = Direct|Any CPU
		{03F5EDD8-EF0D-4388-9ED9-6308BE48E3CE}.Direct|x64.ActiveCfg = Direct|x64
		{03F5EDD8-EF0D-4388-9ED9-6308BE48E3CE}.Direct|x64.Build.0 = Direct|x64
		{03F5EDD8-EF0D-4388-9ED9-6308BE48E3CE}.Direct|x86.ActiveCfg = Direct|Any CPU
		{03F5EDD8-EF0D-4388-9ED9-6308BE48E3CE}.Direct|x86.Build.0 = Direct|Any CPU
		{03F5EDD8-EF0D-4388-9ED9-6308BE48E3CE}.Release|Any CPU.ActiveCfg = Release|Any CPU
		{03F5EDD8-EF0D-4388-9ED9-6308BE48E3CE}.Release|Any CPU.Build.0 = Release|Any CPU
		{03F5EDD8-EF0D-4388-9ED9-6308BE48E3CE}.Release|x64.ActiveCfg = Release|Any CPU
		{03F5EDD8-EF0D-4388-9ED9-6308BE48E3CE}.Release|x64.Build.0 = Release|Any CPU
		{03F5EDD8-EF0D-4388-9ED9-6308BE48E3CE}.Release|x86.ActiveCfg = Release|Any CPU
		{03F5EDD8-EF0D-4388-9ED9-6308BE48E3CE}.Release|x86.Build.0 = Release|Any CPU
		{3313C014-53F7-4FF5-B172-AF86B5BE6446}.Debug|Any CPU.ActiveCfg = Debug|x64
		{3313C014-53F7-4FF5-B172-AF86B5BE6446}.Debug|Any CPU.Build.0 = Debug|x64
		{3313C014-53F7-4FF5-B172-AF86B5BE6446}.Debug|x64.ActiveCfg = Debug|x64
		{3313C014-53F7-4FF5-B172-AF86B5BE6446}.Debug|x64.Build.0 = Debug|x64
		{3313C014-53F7-4FF5-B172-AF86B5BE6446}.Debug|x86.ActiveCfg = Debug|Win32
		{3313C014-53F7-4FF5-B172-AF86B5BE6446}.Debug|x86.Build.0 = Debug|Win32
		{3313C014-53F7-4FF5-B172-AF86B5BE6446}.Direct|Any CPU.ActiveCfg = Direct|x64
		{3313C014-53F7-4FF5-B172-AF86B5BE6446}.Direct|Any CPU.Build.0 = Direct|x64
		{3313C014-53F7-4FF5-B172-AF86B5BE6446}.Direct|x64.ActiveCfg = Direct|x64
		{3313C014-53F7-4FF5-B172-AF86B5BE6446}.Direct|x64.Build.0 = Direct|x64
		{3313C014-53F7-4FF5-B172-AF86B5BE6446}.Direct|x86.ActiveCfg = Direct|Win32
		{3313C014-53F7-4FF5-B172-AF86B5BE6446}.Direct|x86.Build.0 = Direct|Win32
		{3313C014-53F7-4FF5-B172-AF86B5BE6446}.Release|Any CPU.ActiveCfg = Release|x64
		{3313C014-53F7-4FF5-B172-AF86B5BE6446}.Release|Any CPU.Build.0 = Release|x64
		{3313C014-53F7-4FF5-B172-AF86B5BE6446}.Release|x64.ActiveCfg = Release|x64
		{3313C014-53F7-4FF5-B172-AF86B5BE6446}.Release|x64.Build.0 = Release|x64
		{3313C014-53F7-4FF5-B172-AF86B5BE6446}.Release|x86.ActiveCfg = Release|Win32
		{3313C014-53F7-4FF5-B172-AF86B5BE6446}.Release|x86.Build.0 = Release|Win32
	EndGlobalSection
	GlobalSection(SolutionProperties) = preSolution
		HideSolutionNode = FALSE
	EndGlobalSection
	GlobalSection(ExtensibilityGlobals) = postSolution
		SolutionGuid = {3199AB47-4651-490B-AA8C-E558925E9DFA}
	EndGlobalSection
EndGlobal
